// !$*UTF8*$!
{
	archiveVersion = 1;
	classes = {
	};
	objectVersion = 51;
	objects = {

/* Begin PBXBuildFile section */
		6425DF54661E9F0DE8EA553F /* Pods_MusicPlayer.framework in Frameworks */ = {isa = PBXBuildFile; fileRef = 190E1853734C0F0211BBEDC5 /* Pods_MusicPlayer.framework */; };
		C9D141BFAE7710C6EDF752FC /* Pods_MusicPlayerTests.framework in Frameworks */ = {isa = PBXBuildFile; fileRef = 42243FBA3A4B7DE27E02F87B /* Pods_MusicPlayerTests.framework */; };
		DA58714E267C6BF600B480A3 /* AppDelegate.swift in Sources */ = {isa = PBXBuildFile; fileRef = DA58714D267C6BF600B480A3 /* AppDelegate.swift */; };
		DA587150267C6BF600B480A3 /* SceneDelegate.swift in Sources */ = {isa = PBXBuildFile; fileRef = DA58714F267C6BF600B480A3 /* SceneDelegate.swift */; };
		DA587152267C6BF600B480A3 /* ViewController.swift in Sources */ = {isa = PBXBuildFile; fileRef = DA587151267C6BF600B480A3 /* ViewController.swift */; };
		DA587155267C6BF600B480A3 /* Main.storyboard in Resources */ = {isa = PBXBuildFile; fileRef = DA587153267C6BF600B480A3 /* Main.storyboard */; };
		DA587157267C6BF900B480A3 /* Assets.xcassets in Resources */ = {isa = PBXBuildFile; fileRef = DA587156267C6BF900B480A3 /* Assets.xcassets */; };
		DA58715A267C6BF900B480A3 /* LaunchScreen.storyboard in Resources */ = {isa = PBXBuildFile; fileRef = DA587158267C6BF900B480A3 /* LaunchScreen.storyboard */; };
		DA587165267C6BF900B480A3 /* VisionAPITests.swift in Sources */ = {isa = PBXBuildFile; fileRef = DA587164267C6BF900B480A3 /* VisionAPITests.swift */; };
		DA587170267C6BF900B480A3 /* VisionAPIUITests.swift in Sources */ = {isa = PBXBuildFile; fileRef = DA58716F267C6BF900B480A3 /* VisionAPIUITests.swift */; };
		E4E09C37D563A50DFA1B936B /* Pods_MusicPlayer_MusicPlayerUITests.framework in Frameworks */ = {isa = PBXBuildFile; fileRef = 542C12D0E2D479B1A5143461 /* Pods_MusicPlayer_MusicPlayerUITests.framework */; };
/* End PBXBuildFile section */

/* Begin PBXContainerItemProxy section */
		DA587161267C6BF900B480A3 /* PBXContainerItemProxy */ = {
			isa = PBXContainerItemProxy;
			containerPortal = DA587142267C6BF600B480A3 /* Project object */;
			proxyType = 1;
			remoteGlobalIDString = DA587149267C6BF600B480A3;
			remoteInfo = VisionAPI;
		};
		DA58716C267C6BF900B480A3 /* PBXContainerItemProxy */ = {
			isa = PBXContainerItemProxy;
			containerPortal = DA587142267C6BF600B480A3 /* Project object */;
			proxyType = 1;
			remoteGlobalIDString = DA587149267C6BF600B480A3;
			remoteInfo = VisionAPI;
		};
/* End PBXContainerItemProxy section */

/* Begin PBXFileReference section */
		06E115E1EBD02DF5C2A8DF7F /* Pods-MusicPlayer.debug.xcconfig */ = {isa = PBXFileReference; includeInIndex = 1; lastKnownFileType = text.xcconfig; name = "Pods-MusicPlayer.debug.xcconfig"; path = "Target Support Files/Pods-MusicPlayer/Pods-MusicPlayer.debug.xcconfig"; sourceTree = "<group>"; };
		190E1853734C0F0211BBEDC5 /* Pods_MusicPlayer.framework */ = {isa = PBXFileReference; explicitFileType = wrapper.framework; includeInIndex = 0; path = Pods_MusicPlayer.framework; sourceTree = BUILT_PRODUCTS_DIR; };
		270F3C871F60870E17870A62 /* Pods-MusicPlayer-MusicPlayerUITests.release.xcconfig */ = {isa = PBXFileReference; includeInIndex = 1; lastKnownFileType = text.xcconfig; name = "Pods-MusicPlayer-MusicPlayerUITests.release.xcconfig"; path = "Target Support Files/Pods-MusicPlayer-MusicPlayerUITests/Pods-MusicPlayer-MusicPlayerUITests.release.xcconfig"; sourceTree = "<group>"; };
		42243FBA3A4B7DE27E02F87B /* Pods_MusicPlayerTests.framework */ = {isa = PBXFileReference; explicitFileType = wrapper.framework; includeInIndex = 0; path = Pods_MusicPlayerTests.framework; sourceTree = BUILT_PRODUCTS_DIR; };
		542C12D0E2D479B1A5143461 /* Pods_MusicPlayer_MusicPlayerUITests.framework */ = {isa = PBXFileReference; explicitFileType = wrapper.framework; includeInIndex = 0; path = Pods_MusicPlayer_MusicPlayerUITests.framework; sourceTree = BUILT_PRODUCTS_DIR; };
		62E5BAF3E51E952AE7347A94 /* Pods-MusicPlayer.release.xcconfig */ = {isa = PBXFileReference; includeInIndex = 1; lastKnownFileType = text.xcconfig; name = "Pods-MusicPlayer.release.xcconfig"; path = "Target Support Files/Pods-MusicPlayer/Pods-MusicPlayer.release.xcconfig"; sourceTree = "<group>"; };
		8AA1229A9B556430B011D621 /* Pods-MusicPlayerTests.debug.xcconfig */ = {isa = PBXFileReference; includeInIndex = 1; lastKnownFileType = text.xcconfig; name = "Pods-MusicPlayerTests.debug.xcconfig"; path = "Target Support Files/Pods-MusicPlayerTests/Pods-MusicPlayerTests.debug.xcconfig"; sourceTree = "<group>"; };
		9E48634238A8B8F63DF1ACE2 /* Pods-MusicPlayer-MusicPlayerUITests.debug.xcconfig */ = {isa = PBXFileReference; includeInIndex = 1; lastKnownFileType = text.xcconfig; name = "Pods-MusicPlayer-MusicPlayerUITests.debug.xcconfig"; path = "Target Support Files/Pods-MusicPlayer-MusicPlayerUITests/Pods-MusicPlayer-MusicPlayerUITests.debug.xcconfig"; sourceTree = "<group>"; };
		B65D737090226E84D1A3F11C /* Pods-MusicPlayerTests.release.xcconfig */ = {isa = PBXFileReference; includeInIndex = 1; lastKnownFileType = text.xcconfig; name = "Pods-MusicPlayerTests.release.xcconfig"; path = "Target Support Files/Pods-MusicPlayerTests/Pods-MusicPlayerTests.release.xcconfig"; sourceTree = "<group>"; };
		DA58714A267C6BF600B480A3 /* MusicPlayer.app */ = {isa = PBXFileReference; explicitFileType = wrapper.application; includeInIndex = 0; path = MusicPlayer.app; sourceTree = BUILT_PRODUCTS_DIR; };
		DA58714D267C6BF600B480A3 /* AppDelegate.swift */ = {isa = PBXFileReference; lastKnownFileType = sourcecode.swift; path = AppDelegate.swift; sourceTree = "<group>"; };
		DA58714F267C6BF600B480A3 /* SceneDelegate.swift */ = {isa = PBXFileReference; lastKnownFileType = sourcecode.swift; path = SceneDelegate.swift; sourceTree = "<group>"; };
		DA587151267C6BF600B480A3 /* ViewController.swift */ = {isa = PBXFileReference; lastKnownFileType = sourcecode.swift; path = ViewController.swift; sourceTree = "<group>"; };
		DA587154267C6BF600B480A3 /* Base */ = {isa = PBXFileReference; lastKnownFileType = file.storyboard; name = Base; path = Base.lproj/Main.storyboard; sourceTree = "<group>"; };
		DA587156267C6BF900B480A3 /* Assets.xcassets */ = {isa = PBXFileReference; lastKnownFileType = folder.assetcatalog; path = Assets.xcassets; sourceTree = "<group>"; };
		DA587159267C6BF900B480A3 /* Base */ = {isa = PBXFileReference; lastKnownFileType = file.storyboard; name = Base; path = Base.lproj/LaunchScreen.storyboard; sourceTree = "<group>"; };
		DA58715B267C6BF900B480A3 /* Info.plist */ = {isa = PBXFileReference; lastKnownFileType = text.plist.xml; path = Info.plist; sourceTree = "<group>"; };
		DA587160267C6BF900B480A3 /* MusicPlayerTests.xctest */ = {isa = PBXFileReference; explicitFileType = wrapper.cfbundle; includeInIndex = 0; path = MusicPlayerTests.xctest; sourceTree = BUILT_PRODUCTS_DIR; };
		DA587164267C6BF900B480A3 /* VisionAPITests.swift */ = {isa = PBXFileReference; lastKnownFileType = sourcecode.swift; path = VisionAPITests.swift; sourceTree = "<group>"; };
		DA587166267C6BF900B480A3 /* Info.plist */ = {isa = PBXFileReference; lastKnownFileType = text.plist.xml; path = Info.plist; sourceTree = "<group>"; };
		DA58716B267C6BF900B480A3 /* MusicPlayerUITests.xctest */ = {isa = PBXFileReference; explicitFileType = wrapper.cfbundle; includeInIndex = 0; path = MusicPlayerUITests.xctest; sourceTree = BUILT_PRODUCTS_DIR; };
		DA58716F267C6BF900B480A3 /* VisionAPIUITests.swift */ = {isa = PBXFileReference; lastKnownFileType = sourcecode.swift; path = VisionAPIUITests.swift; sourceTree = "<group>"; };
		DA587171267C6BF900B480A3 /* Info.plist */ = {isa = PBXFileReference; lastKnownFileType = text.plist.xml; path = Info.plist; sourceTree = "<group>"; };
/* End PBXFileReference section */

/* Begin PBXFrameworksBuildPhase section */
		DA587147267C6BF600B480A3 /* Frameworks */ = {
			isa = PBXFrameworksBuildPhase;
			buildActionMask = 2147483647;
			files = (
				6425DF54661E9F0DE8EA553F /* Pods_MusicPlayer.framework in Frameworks */,
			);
			runOnlyForDeploymentPostprocessing = 0;
		};
		DA58715D267C6BF900B480A3 /* Frameworks */ = {
			isa = PBXFrameworksBuildPhase;
			buildActionMask = 2147483647;
			files = (
				C9D141BFAE7710C6EDF752FC /* Pods_MusicPlayerTests.framework in Frameworks */,
			);
			runOnlyForDeploymentPostprocessing = 0;
		};
		DA587168267C6BF900B480A3 /* Frameworks */ = {
			isa = PBXFrameworksBuildPhase;
			buildActionMask = 2147483647;
			files = (
				E4E09C37D563A50DFA1B936B /* Pods_MusicPlayer_MusicPlayerUITests.framework in Frameworks */,
			);
			runOnlyForDeploymentPostprocessing = 0;
		};
/* End PBXFrameworksBuildPhase section */

/* Begin PBXGroup section */
		38291C60E67AE9E98107A402 /* Frameworks */ = {
			isa = PBXGroup;
			children = (
				190E1853734C0F0211BBEDC5 /* Pods_MusicPlayer.framework */,
				542C12D0E2D479B1A5143461 /* Pods_MusicPlayer_MusicPlayerUITests.framework */,
				42243FBA3A4B7DE27E02F87B /* Pods_MusicPlayerTests.framework */,
			);
			name = Frameworks;
			sourceTree = "<group>";
		};
		C584A72D218AD68C2046417C /* Pods */ = {
			isa = PBXGroup;
			children = (
				06E115E1EBD02DF5C2A8DF7F /* Pods-MusicPlayer.debug.xcconfig */,
				62E5BAF3E51E952AE7347A94 /* Pods-MusicPlayer.release.xcconfig */,
				9E48634238A8B8F63DF1ACE2 /* Pods-MusicPlayer-MusicPlayerUITests.debug.xcconfig */,
				270F3C871F60870E17870A62 /* Pods-MusicPlayer-MusicPlayerUITests.release.xcconfig */,
				8AA1229A9B556430B011D621 /* Pods-MusicPlayerTests.debug.xcconfig */,
				B65D737090226E84D1A3F11C /* Pods-MusicPlayerTests.release.xcconfig */,
			);
			name = Pods;
			path = Pods;
			sourceTree = "<group>";
		};
		DA587141267C6BF600B480A3 = {
			isa = PBXGroup;
			children = (
				DA58714C267C6BF600B480A3 /* MusicPlayer */,
				DA587163267C6BF900B480A3 /* VisionAPITests */,
				DA58716E267C6BF900B480A3 /* VisionAPIUITests */,
				DA58714B267C6BF600B480A3 /* Products */,
				C584A72D218AD68C2046417C /* Pods */,
				38291C60E67AE9E98107A402 /* Frameworks */,
			);
			sourceTree = "<group>";
		};
		DA58714B267C6BF600B480A3 /* Products */ = {
			isa = PBXGroup;
			children = (
				DA58714A267C6BF600B480A3 /* MusicPlayer.app */,
				DA587160267C6BF900B480A3 /* MusicPlayerTests.xctest */,
				DA58716B267C6BF900B480A3 /* MusicPlayerUITests.xctest */,
			);
			name = Products;
			sourceTree = "<group>";
		};
		DA58714C267C6BF600B480A3 /* MusicPlayer */ = {
			isa = PBXGroup;
			children = (
				DA58714D267C6BF600B480A3 /* AppDelegate.swift */,
				DA58714F267C6BF600B480A3 /* SceneDelegate.swift */,
				DA587151267C6BF600B480A3 /* ViewController.swift */,
				DA587153267C6BF600B480A3 /* Main.storyboard */,
				DA587156267C6BF900B480A3 /* Assets.xcassets */,
				DA587158267C6BF900B480A3 /* LaunchScreen.storyboard */,
				DA58715B267C6BF900B480A3 /* Info.plist */,
			);
			path = MusicPlayer;
			sourceTree = "<group>";
		};
		DA587163267C6BF900B480A3 /* VisionAPITests */ = {
			isa = PBXGroup;
			children = (
				DA587164267C6BF900B480A3 /* VisionAPITests.swift */,
				DA587166267C6BF900B480A3 /* Info.plist */,
			);
			path = VisionAPITests;
			sourceTree = "<group>";
		};
		DA58716E267C6BF900B480A3 /* VisionAPIUITests */ = {
			isa = PBXGroup;
			children = (
				DA58716F267C6BF900B480A3 /* VisionAPIUITests.swift */,
				DA587171267C6BF900B480A3 /* Info.plist */,
			);
			path = VisionAPIUITests;
			sourceTree = "<group>";
		};
/* End PBXGroup section */

/* Begin PBXNativeTarget section */
		DA587149267C6BF600B480A3 /* MusicPlayer */ = {
			isa = PBXNativeTarget;
			buildConfigurationList = DA587174267C6BF900B480A3 /* Build configuration list for PBXNativeTarget "MusicPlayer" */;
			buildPhases = (
				822033ED18BD8CD3612C8F1E /* [CP] Check Pods Manifest.lock */,
				DA587146267C6BF600B480A3 /* Sources */,
				DA587147267C6BF600B480A3 /* Frameworks */,
				DA587148267C6BF600B480A3 /* Resources */,
				EF862CAF6ABC29CD635FE08B /* [CP] Embed Pods Frameworks */,
			);
			buildRules = (
			);
			dependencies = (
			);
			name = MusicPlayer;
			productName = VisionAPI;
			productReference = DA58714A267C6BF600B480A3 /* MusicPlayer.app */;
			productType = "com.apple.product-type.application";
		};
		DA58715F267C6BF900B480A3 /* MusicPlayerTests */ = {
			isa = PBXNativeTarget;
			buildConfigurationList = DA587177267C6BF900B480A3 /* Build configuration list for PBXNativeTarget "MusicPlayerTests" */;
			buildPhases = (
				4A8669DBFF035BA0060FC659 /* [CP] Check Pods Manifest.lock */,
				DA58715C267C6BF900B480A3 /* Sources */,
				DA58715D267C6BF900B480A3 /* Frameworks */,
				DA58715E267C6BF900B480A3 /* Resources */,
			);
			buildRules = (
			);
			dependencies = (
				DA587162267C6BF900B480A3 /* PBXTargetDependency */,
			);
			name = MusicPlayerTests;
			productName = VisionAPITests;
			productReference = DA587160267C6BF900B480A3 /* MusicPlayerTests.xctest */;
			productType = "com.apple.product-type.bundle.unit-test";
		};
		DA58716A267C6BF900B480A3 /* MusicPlayerUITests */ = {
			isa = PBXNativeTarget;
			buildConfigurationList = DA58717A267C6BF900B480A3 /* Build configuration list for PBXNativeTarget "MusicPlayerUITests" */;
			buildPhases = (
				31ED519328349896326F5F34 /* [CP] Check Pods Manifest.lock */,
				DA587167267C6BF900B480A3 /* Sources */,
				DA587168267C6BF900B480A3 /* Frameworks */,
				DA587169267C6BF900B480A3 /* Resources */,
				2D14EF131C3E32894C179E4C /* [CP] Embed Pods Frameworks */,
			);
			buildRules = (
			);
			dependencies = (
				DA58716D267C6BF900B480A3 /* PBXTargetDependency */,
			);
			name = MusicPlayerUITests;
			productName = VisionAPIUITests;
			productReference = DA58716B267C6BF900B480A3 /* MusicPlayerUITests.xctest */;
			productType = "com.apple.product-type.bundle.ui-testing";
		};
/* End PBXNativeTarget section */

/* Begin PBXProject section */
		DA587142267C6BF600B480A3 /* Project object */ = {
			isa = PBXProject;
			attributes = {
				LastSwiftUpdateCheck = 1250;
				LastUpgradeCheck = 1250;
				TargetAttributes = {
					DA587149267C6BF600B480A3 = {
						CreatedOnToolsVersion = 12.5;
					};
					DA58715F267C6BF900B480A3 = {
						CreatedOnToolsVersion = 12.5;
						TestTargetID = DA587149267C6BF600B480A3;
					};
					DA58716A267C6BF900B480A3 = {
						CreatedOnToolsVersion = 12.5;
						TestTargetID = DA587149267C6BF600B480A3;
					};
				};
			};
			buildConfigurationList = DA587145267C6BF600B480A3 /* Build configuration list for PBXProject "MusicPlayer" */;
			compatibilityVersion = "Xcode 9.3";
			developmentRegion = en;
			hasScannedForEncodings = 0;
			knownRegions = (
				en,
				Base,
			);
			mainGroup = DA587141267C6BF600B480A3;
			productRefGroup = DA58714B267C6BF600B480A3 /* Products */;
			projectDirPath = "";
			projectRoot = "";
			targets = (
				DA587149267C6BF600B480A3 /* MusicPlayer */,
				DA58715F267C6BF900B480A3 /* MusicPlayerTests */,
				DA58716A267C6BF900B480A3 /* MusicPlayerUITests */,
			);
		};
/* End PBXProject section */

/* Begin PBXResourcesBuildPhase section */
		DA587148267C6BF600B480A3 /* Resources */ = {
			isa = PBXResourcesBuildPhase;
			buildActionMask = 2147483647;
			files = (
				DA58715A267C6BF900B480A3 /* LaunchScreen.storyboard in Resources */,
				DA587157267C6BF900B480A3 /* Assets.xcassets in Resources */,
				DA587155267C6BF600B480A3 /* Main.storyboard in Resources */,
			);
			runOnlyForDeploymentPostprocessing = 0;
		};
		DA58715E267C6BF900B480A3 /* Resources */ = {
			isa = PBXResourcesBuildPhase;
			buildActionMask = 2147483647;
			files = (
			);
			runOnlyForDeploymentPostprocessing = 0;
		};
		DA587169267C6BF900B480A3 /* Resources */ = {
			isa = PBXResourcesBuildPhase;
			buildActionMask = 2147483647;
			files = (
			);
			runOnlyForDeploymentPostprocessing = 0;
		};
/* End PBXResourcesBuildPhase section */

/* Begin PBXShellScriptBuildPhase section */
		2D14EF131C3E32894C179E4C /* [CP] Embed Pods Frameworks */ = {
			isa = PBXShellScriptBuildPhase;
			buildActionMask = 2147483647;
			files = (
			);
			inputFileListPaths = (
				"${PODS_ROOT}/Target Support Files/Pods-MusicPlayer-MusicPlayerUITests/Pods-MusicPlayer-MusicPlayerUITests-frameworks-${CONFIGURATION}-input-files.xcfilelist",
			);
			name = "[CP] Embed Pods Frameworks";
			outputFileListPaths = (
				"${PODS_ROOT}/Target Support Files/Pods-MusicPlayer-MusicPlayerUITests/Pods-MusicPlayer-MusicPlayerUITests-frameworks-${CONFIGURATION}-output-files.xcfilelist",
			);
			runOnlyForDeploymentPostprocessing = 0;
			shellPath = /bin/sh;
			shellScript = "\"${PODS_ROOT}/Target Support Files/Pods-MusicPlayer-MusicPlayerUITests/Pods-MusicPlayer-MusicPlayerUITests-frameworks.sh\"\n";
			showEnvVarsInLog = 0;
		};
		31ED519328349896326F5F34 /* [CP] Check Pods Manifest.lock */ = {
			isa = PBXShellScriptBuildPhase;
			buildActionMask = 2147483647;
			files = (
			);
			inputFileListPaths = (
			);
			inputPaths = (
				"${PODS_PODFILE_DIR_PATH}/Podfile.lock",
				"${PODS_ROOT}/Manifest.lock",
			);
			name = "[CP] Check Pods Manifest.lock";
			outputFileListPaths = (
			);
			outputPaths = (
				"$(DERIVED_FILE_DIR)/Pods-MusicPlayer-MusicPlayerUITests-checkManifestLockResult.txt",
			);
			runOnlyForDeploymentPostprocessing = 0;
			shellPath = /bin/sh;
			shellScript = "diff \"${PODS_PODFILE_DIR_PATH}/Podfile.lock\" \"${PODS_ROOT}/Manifest.lock\" > /dev/null\nif [ $? != 0 ] ; then\n    # print error to STDERR\n    echo \"error: The sandbox is not in sync with the Podfile.lock. Run 'pod install' or update your CocoaPods installation.\" >&2\n    exit 1\nfi\n# This output is used by Xcode 'outputs' to avoid re-running this script phase.\necho \"SUCCESS\" > \"${SCRIPT_OUTPUT_FILE_0}\"\n";
			showEnvVarsInLog = 0;
		};
		4A8669DBFF035BA0060FC659 /* [CP] Check Pods Manifest.lock */ = {
			isa = PBXShellScriptBuildPhase;
			buildActionMask = 2147483647;
			files = (
			);
			inputFileListPaths = (
			);
			inputPaths = (
				"${PODS_PODFILE_DIR_PATH}/Podfile.lock",
				"${PODS_ROOT}/Manifest.lock",
			);
			name = "[CP] Check Pods Manifest.lock";
			outputFileListPaths = (
			);
			outputPaths = (
				"$(DERIVED_FILE_DIR)/Pods-MusicPlayerTests-checkManifestLockResult.txt",
			);
			runOnlyForDeploymentPostprocessing = 0;
			shellPath = /bin/sh;
			shellScript = "diff \"${PODS_PODFILE_DIR_PATH}/Podfile.lock\" \"${PODS_ROOT}/Manifest.lock\" > /dev/null\nif [ $? != 0 ] ; then\n    # print error to STDERR\n    echo \"error: The sandbox is not in sync with the Podfile.lock. Run 'pod install' or update your CocoaPods installation.\" >&2\n    exit 1\nfi\n# This output is used by Xcode 'outputs' to avoid re-running this script phase.\necho \"SUCCESS\" > \"${SCRIPT_OUTPUT_FILE_0}\"\n";
			showEnvVarsInLog = 0;
		};
		822033ED18BD8CD3612C8F1E /* [CP] Check Pods Manifest.lock */ = {
			isa = PBXShellScriptBuildPhase;
			buildActionMask = 2147483647;
			files = (
			);
			inputFileListPaths = (
			);
			inputPaths = (
				"${PODS_PODFILE_DIR_PATH}/Podfile.lock",
				"${PODS_ROOT}/Manifest.lock",
			);
			name = "[CP] Check Pods Manifest.lock";
			outputFileListPaths = (
			);
			outputPaths = (
				"$(DERIVED_FILE_DIR)/Pods-MusicPlayer-checkManifestLockResult.txt",
			);
			runOnlyForDeploymentPostprocessing = 0;
			shellPath = /bin/sh;
			shellScript = "diff \"${PODS_PODFILE_DIR_PATH}/Podfile.lock\" \"${PODS_ROOT}/Manifest.lock\" > /dev/null\nif [ $? != 0 ] ; then\n    # print error to STDERR\n    echo \"error: The sandbox is not in sync with the Podfile.lock. Run 'pod install' or update your CocoaPods installation.\" >&2\n    exit 1\nfi\n# This output is used by Xcode 'outputs' to avoid re-running this script phase.\necho \"SUCCESS\" > \"${SCRIPT_OUTPUT_FILE_0}\"\n";
			showEnvVarsInLog = 0;
		};
		EF862CAF6ABC29CD635FE08B /* [CP] Embed Pods Frameworks */ = {
			isa = PBXShellScriptBuildPhase;
			buildActionMask = 2147483647;
			files = (
			);
			inputFileListPaths = (
				"${PODS_ROOT}/Target Support Files/Pods-MusicPlayer/Pods-MusicPlayer-frameworks-${CONFIGURATION}-input-files.xcfilelist",
			);
			name = "[CP] Embed Pods Frameworks";
			outputFileListPaths = (
				"${PODS_ROOT}/Target Support Files/Pods-MusicPlayer/Pods-MusicPlayer-frameworks-${CONFIGURATION}-output-files.xcfilelist",
			);
			runOnlyForDeploymentPostprocessing = 0;
			shellPath = /bin/sh;
			shellScript = "\"${PODS_ROOT}/Target Support Files/Pods-MusicPlayer/Pods-MusicPlayer-frameworks.sh\"\n";
			showEnvVarsInLog = 0;
		};
/* End PBXShellScriptBuildPhase section */

/* Begin PBXSourcesBuildPhase section */
		DA587146267C6BF600B480A3 /* Sources */ = {
			isa = PBXSourcesBuildPhase;
			buildActionMask = 2147483647;
			files = (
				DA587152267C6BF600B480A3 /* ViewController.swift in Sources */,
				DA58714E267C6BF600B480A3 /* AppDelegate.swift in Sources */,
				DA587150267C6BF600B480A3 /* SceneDelegate.swift in Sources */,
			);
			runOnlyForDeploymentPostprocessing = 0;
		};
		DA58715C267C6BF900B480A3 /* Sources */ = {
			isa = PBXSourcesBuildPhase;
			buildActionMask = 2147483647;
			files = (
				DA587165267C6BF900B480A3 /* VisionAPITests.swift in Sources */,
			);
			runOnlyForDeploymentPostprocessing = 0;
		};
		DA587167267C6BF900B480A3 /* Sources */ = {
			isa = PBXSourcesBuildPhase;
			buildActionMask = 2147483647;
			files = (
				DA587170267C6BF900B480A3 /* VisionAPIUITests.swift in Sources */,
			);
			runOnlyForDeploymentPostprocessing = 0;
		};
/* End PBXSourcesBuildPhase section */

/* Begin PBXTargetDependency section */
		DA587162267C6BF900B480A3 /* PBXTargetDependency */ = {
			isa = PBXTargetDependency;
			target = DA587149267C6BF600B480A3 /* MusicPlayer */;
			targetProxy = DA587161267C6BF900B480A3 /* PBXContainerItemProxy */;
		};
		DA58716D267C6BF900B480A3 /* PBXTargetDependency */ = {
			isa = PBXTargetDependency;
			target = DA587149267C6BF600B480A3 /* MusicPlayer */;
			targetProxy = DA58716C267C6BF900B480A3 /* PBXContainerItemProxy */;
		};
/* End PBXTargetDependency section */

/* Begin PBXVariantGroup section */
		DA587153267C6BF600B480A3 /* Main.storyboard */ = {
			isa = PBXVariantGroup;
			children = (
				DA587154267C6BF600B480A3 /* Base */,
			);
			name = Main.storyboard;
			sourceTree = "<group>";
		};
		DA587158267C6BF900B480A3 /* LaunchScreen.storyboard */ = {
			isa = PBXVariantGroup;
			children = (
				DA587159267C6BF900B480A3 /* Base */,
			);
			name = LaunchScreen.storyboard;
			sourceTree = "<group>";
		};
/* End PBXVariantGroup section */

/* Begin XCBuildConfiguration section */
		DA587172267C6BF900B480A3 /* Debug */ = {
			isa = XCBuildConfiguration;
			buildSettings = {
				ALWAYS_SEARCH_USER_PATHS = NO;
				CLANG_ANALYZER_NONNULL = YES;
				CLANG_ANALYZER_NUMBER_OBJECT_CONVERSION = YES_AGGRESSIVE;
				CLANG_CXX_LANGUAGE_STANDARD = "gnu++14";
				CLANG_CXX_LIBRARY = "libc++";
				CLANG_ENABLE_MODULES = YES;
				CLANG_ENABLE_OBJC_ARC = YES;
				CLANG_ENABLE_OBJC_WEAK = YES;
				CLANG_WARN_BLOCK_CAPTURE_AUTORELEASING = YES;
				CLANG_WARN_BOOL_CONVERSION = YES;
				CLANG_WARN_COMMA = YES;
				CLANG_WARN_CONSTANT_CONVERSION = YES;
				CLANG_WARN_DEPRECATED_OBJC_IMPLEMENTATIONS = YES;
				CLANG_WARN_DIRECT_OBJC_ISA_USAGE = YES_ERROR;
				CLANG_WARN_DOCUMENTATION_COMMENTS = YES;
				CLANG_WARN_EMPTY_BODY = YES;
				CLANG_WARN_ENUM_CONVERSION = YES;
				CLANG_WARN_INFINITE_RECURSION = YES;
				CLANG_WARN_INT_CONVERSION = YES;
				CLANG_WARN_NON_LITERAL_NULL_CONVERSION = YES;
				CLANG_WARN_OBJC_IMPLICIT_RETAIN_SELF = YES;
				CLANG_WARN_OBJC_LITERAL_CONVERSION = YES;
				CLANG_WARN_OBJC_ROOT_CLASS = YES_ERROR;
				CLANG_WARN_QUOTED_INCLUDE_IN_FRAMEWORK_HEADER = YES;
				CLANG_WARN_RANGE_LOOP_ANALYSIS = YES;
				CLANG_WARN_STRICT_PROTOTYPES = YES;
				CLANG_WARN_SUSPICIOUS_MOVE = YES;
				CLANG_WARN_UNGUARDED_AVAILABILITY = YES_AGGRESSIVE;
				CLANG_WARN_UNREACHABLE_CODE = YES;
				CLANG_WARN__DUPLICATE_METHOD_MATCH = YES;
				COPY_PHASE_STRIP = NO;
				DEBUG_INFORMATION_FORMAT = dwarf;
				ENABLE_STRICT_OBJC_MSGSEND = YES;
				ENABLE_TESTABILITY = YES;
				GCC_C_LANGUAGE_STANDARD = gnu11;
				GCC_DYNAMIC_NO_PIC = NO;
				GCC_NO_COMMON_BLOCKS = YES;
				GCC_OPTIMIZATION_LEVEL = 0;
				GCC_PREPROCESSOR_DEFINITIONS = (
					"DEBUG=1",
					"$(inherited)",
				);
				GCC_WARN_64_TO_32_BIT_CONVERSION = YES;
				GCC_WARN_ABOUT_RETURN_TYPE = YES_ERROR;
				GCC_WARN_UNDECLARED_SELECTOR = YES;
				GCC_WARN_UNINITIALIZED_AUTOS = YES_AGGRESSIVE;
				GCC_WARN_UNUSED_FUNCTION = YES;
				GCC_WARN_UNUSED_VARIABLE = YES;
				IPHONEOS_DEPLOYMENT_TARGET = 14.5;
				MTL_ENABLE_DEBUG_INFO = INCLUDE_SOURCE;
				MTL_FAST_MATH = YES;
				ONLY_ACTIVE_ARCH = YES;
				SDKROOT = iphoneos;
				SWIFT_ACTIVE_COMPILATION_CONDITIONS = DEBUG;
				SWIFT_OPTIMIZATION_LEVEL = "-Onone";
			};
			name = Debug;
		};
		DA587173267C6BF900B480A3 /* Release */ = {
			isa = XCBuildConfiguration;
			buildSettings = {
				ALWAYS_SEARCH_USER_PATHS = NO;
				CLANG_ANALYZER_NONNULL = YES;
				CLANG_ANALYZER_NUMBER_OBJECT_CONVERSION = YES_AGGRESSIVE;
				CLANG_CXX_LANGUAGE_STANDARD = "gnu++14";
				CLANG_CXX_LIBRARY = "libc++";
				CLANG_ENABLE_MODULES = YES;
				CLANG_ENABLE_OBJC_ARC = YES;
				CLANG_ENABLE_OBJC_WEAK = YES;
				CLANG_WARN_BLOCK_CAPTURE_AUTORELEASING = YES;
				CLANG_WARN_BOOL_CONVERSION = YES;
				CLANG_WARN_COMMA = YES;
				CLANG_WARN_CONSTANT_CONVERSION = YES;
				CLANG_WARN_DEPRECATED_OBJC_IMPLEMENTATIONS = YES;
				CLANG_WARN_DIRECT_OBJC_ISA_USAGE = YES_ERROR;
				CLANG_WARN_DOCUMENTATION_COMMENTS = YES;
				CLANG_WARN_EMPTY_BODY = YES;
				CLANG_WARN_ENUM_CONVERSION = YES;
				CLANG_WARN_INFINITE_RECURSION = YES;
				CLANG_WARN_INT_CONVERSION = YES;
				CLANG_WARN_NON_LITERAL_NULL_CONVERSION = YES;
				CLANG_WARN_OBJC_IMPLICIT_RETAIN_SELF = YES;
				CLANG_WARN_OBJC_LITERAL_CONVERSION = YES;
				CLANG_WARN_OBJC_ROOT_CLASS = YES_ERROR;
				CLANG_WARN_QUOTED_INCLUDE_IN_FRAMEWORK_HEADER = YES;
				CLANG_WARN_RANGE_LOOP_ANALYSIS = YES;
				CLANG_WARN_STRICT_PROTOTYPES = YES;
				CLANG_WARN_SUSPICIOUS_MOVE = YES;
				CLANG_WARN_UNGUARDED_AVAILABILITY = YES_AGGRESSIVE;
				CLANG_WARN_UNREACHABLE_CODE = YES;
				CLANG_WARN__DUPLICATE_METHOD_MATCH = YES;
				COPY_PHASE_STRIP = NO;
				DEBUG_INFORMATION_FORMAT = "dwarf-with-dsym";
				ENABLE_NS_ASSERTIONS = NO;
				ENABLE_STRICT_OBJC_MSGSEND = YES;
				GCC_C_LANGUAGE_STANDARD = gnu11;
				GCC_NO_COMMON_BLOCKS = YES;
				GCC_WARN_64_TO_32_BIT_CONVERSION = YES;
				GCC_WARN_ABOUT_RETURN_TYPE = YES_ERROR;
				GCC_WARN_UNDECLARED_SELECTOR = YES;
				GCC_WARN_UNINITIALIZED_AUTOS = YES_AGGRESSIVE;
				GCC_WARN_UNUSED_FUNCTION = YES;
				GCC_WARN_UNUSED_VARIABLE = YES;
				IPHONEOS_DEPLOYMENT_TARGET = 14.5;
				MTL_ENABLE_DEBUG_INFO = NO;
				MTL_FAST_MATH = YES;
				SDKROOT = iphoneos;
				SWIFT_COMPILATION_MODE = wholemodule;
				SWIFT_OPTIMIZATION_LEVEL = "-O";
				VALIDATE_PRODUCT = YES;
			};
			name = Release;
		};
		DA587175267C6BF900B480A3 /* Debug */ = {
			isa = XCBuildConfiguration;
			baseConfigurationReference = 06E115E1EBD02DF5C2A8DF7F /* Pods-MusicPlayer.debug.xcconfig */;
			buildSettings = {
				ASSETCATALOG_COMPILER_APPICON_NAME = AppIcon;
				ASSETCATALOG_COMPILER_GLOBAL_ACCENT_COLOR_NAME = AccentColor;
				CODE_SIGN_STYLE = Automatic;
				DEVELOPMENT_TEAM = L96BVXND6V;
				INFOPLIST_FILE = MusicPlayer/Info.plist;
				LD_RUNPATH_SEARCH_PATHS = (
					"$(inherited)",
					"@executable_path/Frameworks",
				);
				PRODUCT_BUNDLE_IDENTIFIER = com.MusicPlayer;
				PRODUCT_NAME = "$(TARGET_NAME)";
				SWIFT_VERSION = 5.0;
				TARGETED_DEVICE_FAMILY = "1,2";
			};
			name = Debug;
		};
		DA587176267C6BF900B480A3 /* Release */ = {
			isa = XCBuildConfiguration;
			baseConfigurationReference = 62E5BAF3E51E952AE7347A94 /* Pods-MusicPlayer.release.xcconfig */;
			buildSettings = {
				ASSETCATALOG_COMPILER_APPICON_NAME = AppIcon;
				ASSETCATALOG_COMPILER_GLOBAL_ACCENT_COLOR_NAME = AccentColor;
				CODE_SIGN_STYLE = Automatic;
				DEVELOPMENT_TEAM = L96BVXND6V;
				INFOPLIST_FILE = MusicPlayer/Info.plist;
				LD_RUNPATH_SEARCH_PATHS = (
					"$(inherited)",
					"@executable_path/Frameworks",
				);
				PRODUCT_BUNDLE_IDENTIFIER = com.MusicPlayer;
				PRODUCT_NAME = "$(TARGET_NAME)";
				SWIFT_VERSION = 5.0;
				TARGETED_DEVICE_FAMILY = "1,2";
			};
			name = Release;
		};
		DA587178267C6BF900B480A3 /* Debug */ = {
			isa = XCBuildConfiguration;
			baseConfigurationReference = 8AA1229A9B556430B011D621 /* Pods-MusicPlayerTests.debug.xcconfig */;
			buildSettings = {
				ALWAYS_EMBED_SWIFT_STANDARD_LIBRARIES = YES;
				BUNDLE_LOADER = "$(TEST_HOST)";
				CODE_SIGN_STYLE = Automatic;
				DEVELOPMENT_TEAM = L96BVXND6V;
				INFOPLIST_FILE = VisionAPITests/Info.plist;
				IPHONEOS_DEPLOYMENT_TARGET = 14.5;
				LD_RUNPATH_SEARCH_PATHS = (
					"$(inherited)",
					"@executable_path/Frameworks",
					"@loader_path/Frameworks",
				);
				PRODUCT_BUNDLE_IDENTIFIER = com.VisionAPITests;
				PRODUCT_NAME = "$(TARGET_NAME)";
				SWIFT_VERSION = 5.0;
				TARGETED_DEVICE_FAMILY = "1,2";
				TEST_HOST = "$(BUILT_PRODUCTS_DIR)/MusicPlayer.app/MusicPlayer";
			};
			name = Debug;
		};
		DA587179267C6BF900B480A3 /* Release */ = {
			isa = XCBuildConfiguration;
			baseConfigurationReference = B65D737090226E84D1A3F11C /* Pods-MusicPlayerTests.release.xcconfig */;
			buildSettings = {
				ALWAYS_EMBED_SWIFT_STANDARD_LIBRARIES = YES;
				BUNDLE_LOADER = "$(TEST_HOST)";
				CODE_SIGN_STYLE = Automatic;
				DEVELOPMENT_TEAM = L96BVXND6V;
				INFOPLIST_FILE = VisionAPITests/Info.plist;
				IPHONEOS_DEPLOYMENT_TARGET = 14.5;
				LD_RUNPATH_SEARCH_PATHS = (
					"$(inherited)",
					"@executable_path/Frameworks",
					"@loader_path/Frameworks",
				);
				PRODUCT_BUNDLE_IDENTIFIER = com.VisionAPITests;
				PRODUCT_NAME = "$(TARGET_NAME)";
				SWIFT_VERSION = 5.0;
				TARGETED_DEVICE_FAMILY = "1,2";
				TEST_HOST = "$(BUILT_PRODUCTS_DIR)/MusicPlayer.app/MusicPlayer";
			};
			name = Release;
		};
		DA58717B267C6BF900B480A3 /* Debug */ = {
			isa = XCBuildConfiguration;
			baseConfigurationReference = 9E48634238A8B8F63DF1ACE2 /* Pods-MusicPlayer-MusicPlayerUITests.debug.xcconfig */;
			buildSettings = {
				ALWAYS_EMBED_SWIFT_STANDARD_LIBRARIES = YES;
				CODE_SIGN_STYLE = Automatic;
				DEVELOPMENT_TEAM = L96BVXND6V;
				INFOPLIST_FILE = VisionAPIUITests/Info.plist;
				LD_RUNPATH_SEARCH_PATHS = (
					"$(inherited)",
					"@executable_path/Frameworks",
					"@loader_path/Frameworks",
				);
				PRODUCT_BUNDLE_IDENTIFIER = com.VisionAPIUITests;
				PRODUCT_NAME = "$(TARGET_NAME)";
				SWIFT_VERSION = 5.0;
				TARGETED_DEVICE_FAMILY = "1,2";
				TEST_TARGET_NAME = VisionAPI;
			};
			name = Debug;
		};
		DA58717C267C6BF900B480A3 /* Release */ = {
			isa = XCBuildConfiguration;
			baseConfigurationReference = 270F3C871F60870E17870A62 /* Pods-MusicPlayer-MusicPlayerUITests.release.xcconfig */;
			buildSettings = {
				ALWAYS_EMBED_SWIFT_STANDARD_LIBRARIES = YES;
				CODE_SIGN_STYLE = Automatic;
				DEVELOPMENT_TEAM = L96BVXND6V;
				INFOPLIST_FILE = VisionAPIUITests/Info.plist;
				LD_RUNPATH_SEARCH_PATHS = (
					"$(inherited)",
					"@executable_path/Frameworks",
					"@loader_path/Frameworks",
				);
				PRODUCT_BUNDLE_IDENTIFIER = com.VisionAPIUITests;
				PRODUCT_NAME = "$(TARGET_NAME)";
				SWIFT_VERSION = 5.0;
				TARGETED_DEVICE_FAMILY = "1,2";
				TEST_TARGET_NAME = VisionAPI;
			};
			name = Release;
		};
/* End XCBuildConfiguration section */

/* Begin XCConfigurationList section */
		DA587145267C6BF600B480A3 /* Build configuration list for PBXProject "MusicPlayer" */ = {
			isa = XCConfigurationList;
			buildConfigurations = (
				DA587172267C6BF900B480A3 /* Debug */,
				DA587173267C6BF900B480A3 /* Release */,
			);
			defaultConfigurationIsVisible = 0;
			defaultConfigurationName = Release;
		};
		DA587174267C6BF900B480A3 /* Build configuration list for PBXNativeTarget "MusicPlayer" */ = {
			isa = XCConfigurationList;
			buildConfigurations = (
				DA587175267C6BF900B480A3 /* Debug */,
				DA587176267C6BF900B480A3 /* Release */,
			);
			defaultConfigurationIsVisible = 0;
			defaultConfigurationName = Release;
		};
		DA587177267C6BF900B480A3 /* Build configuration list for PBXNativeTarget "MusicPlayerTests" */ = {
			isa = XCConfigurationList;
			buildConfigurations = (
				DA587178267C6BF900B480A3 /* Debug */,
				DA587179267C6BF900B480A3 /* Release */,
			);
			defaultConfigurationIsVisible = 0;
			defaultConfigurationName = Release;
		};
		DA58717A267C6BF900B480A3 /* Build configuration list for PBXNativeTarget "MusicPlayerUITests" */ = {
			isa = XCConfigurationList;
			buildConfigurations = (
				DA58717B267C6BF900B480A3 /* Debug */,
				DA58717C267C6BF900B480A3 /* Release */,
			);
			defaultConfigurationIsVisible = 0;
			defaultConfigurationName = Release;
		};
/* End XCConfigurationList section */
	};
	rootObject = DA587142267C6BF600B480A3 /* Project object */;
}
