// !$*UTF8*$!
{
	archiveVersion = 1;
	classes = {
	};
	objectVersion = 50;
	objects = {

/* Begin PBXBuildFile section */
		DAA9BE3E25F9DA4400CA0B7E /* AppDelegate.swift in Sources */ = {isa = PBXBuildFile; fileRef = DAA9BE3D25F9DA4400CA0B7E /* AppDelegate.swift */; };
		DAA9BE4025F9DA4400CA0B7E /* SceneDelegate.swift in Sources */ = {isa = PBXBuildFile; fileRef = DAA9BE3F25F9DA4400CA0B7E /* SceneDelegate.swift */; };
		DAA9BE4225F9DA4400CA0B7E /* ViewController.swift in Sources */ = {isa = PBXBuildFile; fileRef = DAA9BE4125F9DA4400CA0B7E /* ViewController.swift */; };
		DAA9BE4525F9DA4400CA0B7E /* Main.storyboard in Resources */ = {isa = PBXBuildFile; fileRef = DAA9BE4325F9DA4400CA0B7E /* Main.storyboard */; };
		DAA9BE4725F9DA4500CA0B7E /* Assets.xcassets in Resources */ = {isa = PBXBuildFile; fileRef = DAA9BE4625F9DA4500CA0B7E /* Assets.xcassets */; };
		DAA9BE4A25F9DA4500CA0B7E /* LaunchScreen.storyboard in Resources */ = {isa = PBXBuildFile; fileRef = DAA9BE4825F9DA4500CA0B7E /* LaunchScreen.storyboard */; };
		DAA9BE5525F9DA4500CA0B7E /* MVCPatternTests.swift in Sources */ = {isa = PBXBuildFile; fileRef = DAA9BE5425F9DA4500CA0B7E /* MVCPatternTests.swift */; };
		DAA9BE6025F9DA4500CA0B7E /* MVCPatternUITests.swift in Sources */ = {isa = PBXBuildFile; fileRef = DAA9BE5F25F9DA4500CA0B7E /* MVCPatternUITests.swift */; };
		DAA9BE7125F9DA7000CA0B7E /* Person.swift in Sources */ = {isa = PBXBuildFile; fileRef = DAA9BE7025F9DA7000CA0B7E /* Person.swift */; };
/* End PBXBuildFile section */

/* Begin PBXContainerItemProxy section */
		DAA9BE5125F9DA4500CA0B7E /* PBXContainerItemProxy */ = {
			isa = PBXContainerItemProxy;
			containerPortal = DAA9BE3225F9DA4400CA0B7E /* Project object */;
			proxyType = 1;
			remoteGlobalIDString = DAA9BE3925F9DA4400CA0B7E;
			remoteInfo = MVCPattern;
		};
		DAA9BE5C25F9DA4500CA0B7E /* PBXContainerItemProxy */ = {
			isa = PBXContainerItemProxy;
			containerPortal = DAA9BE3225F9DA4400CA0B7E /* Project object */;
			proxyType = 1;
			remoteGlobalIDString = DAA9BE3925F9DA4400CA0B7E;
			remoteInfo = MVCPattern;
		};
/* End PBXContainerItemProxy section */

/* Begin PBXFileReference section */
		DAA9BE3A25F9DA4400CA0B7E /* MVCPattern.app */ = {isa = PBXFileReference; explicitFileType = wrapper.application; includeInIndex = 0; path = MVCPattern.app; sourceTree = BUILT_PRODUCTS_DIR; };
		DAA9BE3D25F9DA4400CA0B7E /* AppDelegate.swift */ = {isa = PBXFileReference; lastKnownFileType = sourcecode.swift; path = AppDelegate.swift; sourceTree = "<group>"; };
		DAA9BE3F25F9DA4400CA0B7E /* SceneDelegate.swift */ = {isa = PBXFileReference; lastKnownFileType = sourcecode.swift; path = SceneDelegate.swift; sourceTree = "<group>"; };
		DAA9BE4125F9DA4400CA0B7E /* ViewController.swift */ = {isa = PBXFileReference; lastKnownFileType = sourcecode.swift; path = ViewController.swift; sourceTree = "<group>"; };
		DAA9BE4425F9DA4400CA0B7E /* Base */ = {isa = PBXFileReference; lastKnownFileType = file.storyboard; name = Base; path = Base.lproj/Main.storyboard; sourceTree = "<group>"; };
		DAA9BE4625F9DA4500CA0B7E /* Assets.xcassets */ = {isa = PBXFileReference; lastKnownFileType = folder.assetcatalog; path = Assets.xcassets; sourceTree = "<group>"; };
		DAA9BE4925F9DA4500CA0B7E /* Base */ = {isa = PBXFileReference; lastKnownFileType = file.storyboard; name = Base; path = Base.lproj/LaunchScreen.storyboard; sourceTree = "<group>"; };
		DAA9BE4B25F9DA4500CA0B7E /* Info.plist */ = {isa = PBXFileReference; lastKnownFileType = text.plist.xml; path = Info.plist; sourceTree = "<group>"; };
		DAA9BE5025F9DA4500CA0B7E /* MVCPatternTests.xctest */ = {isa = PBXFileReference; explicitFileType = wrapper.cfbundle; includeInIndex = 0; path = MVCPatternTests.xctest; sourceTree = BUILT_PRODUCTS_DIR; };
		DAA9BE5425F9DA4500CA0B7E /* MVCPatternTests.swift */ = {isa = PBXFileReference; lastKnownFileType = sourcecode.swift; path = MVCPatternTests.swift; sourceTree = "<group>"; };
		DAA9BE5625F9DA4500CA0B7E /* Info.plist */ = {isa = PBXFileReference; lastKnownFileType = text.plist.xml; path = Info.plist; sourceTree = "<group>"; };
		DAA9BE5B25F9DA4500CA0B7E /* MVCPatternUITests.xctest */ = {isa = PBXFileReference; explicitFileType = wrapper.cfbundle; includeInIndex = 0; path = MVCPatternUITests.xctest; sourceTree = BUILT_PRODUCTS_DIR; };
		DAA9BE5F25F9DA4500CA0B7E /* MVCPatternUITests.swift */ = {isa = PBXFileReference; lastKnownFileType = sourcecode.swift; path = MVCPatternUITests.swift; sourceTree = "<group>"; };
		DAA9BE6125F9DA4500CA0B7E /* Info.plist */ = {isa = PBXFileReference; lastKnownFileType = text.plist.xml; path = Info.plist; sourceTree = "<group>"; };
		DAA9BE7025F9DA7000CA0B7E /* Person.swift */ = {isa = PBXFileReference; lastKnownFileType = sourcecode.swift; path = Person.swift; sourceTree = "<group>"; };
/* End PBXFileReference section */

/* Begin PBXFrameworksBuildPhase section */
		DAA9BE3725F9DA4400CA0B7E /* Frameworks */ = {
			isa = PBXFrameworksBuildPhase;
			buildActionMask = 2147483647;
			files = (
			);
			runOnlyForDeploymentPostprocessing = 0;
		};
		DAA9BE4D25F9DA4500CA0B7E /* Frameworks */ = {
			isa = PBXFrameworksBuildPhase;
			buildActionMask = 2147483647;
			files = (
			);
			runOnlyForDeploymentPostprocessing = 0;
		};
		DAA9BE5825F9DA4500CA0B7E /* Frameworks */ = {
			isa = PBXFrameworksBuildPhase;
			buildActionMask = 2147483647;
			files = (
			);
			runOnlyForDeploymentPostprocessing = 0;
		};
/* End PBXFrameworksBuildPhase section */

/* Begin PBXGroup section */
		DAA9BE3125F9DA4400CA0B7E = {
			isa = PBXGroup;
			children = (
				DAA9BE3C25F9DA4400CA0B7E /* MVCPattern */,
				DAA9BE5325F9DA4500CA0B7E /* MVCPatternTests */,
				DAA9BE5E25F9DA4500CA0B7E /* MVCPatternUITests */,
				DAA9BE3B25F9DA4400CA0B7E /* Products */,
			);
			sourceTree = "<group>";
		};
		DAA9BE3B25F9DA4400CA0B7E /* Products */ = {
			isa = PBXGroup;
			children = (
				DAA9BE3A25F9DA4400CA0B7E /* MVCPattern.app */,
				DAA9BE5025F9DA4500CA0B7E /* MVCPatternTests.xctest */,
				DAA9BE5B25F9DA4500CA0B7E /* MVCPatternUITests.xctest */,
			);
			name = Products;
			sourceTree = "<group>";
		};
		DAA9BE3C25F9DA4400CA0B7E /* MVCPattern */ = {
			isa = PBXGroup;
			children = (
				DAA9BE3D25F9DA4400CA0B7E /* AppDelegate.swift */,
				DAA9BE3F25F9DA4400CA0B7E /* SceneDelegate.swift */,
				DAA9BE4125F9DA4400CA0B7E /* ViewController.swift */,
				DAA9BE4325F9DA4400CA0B7E /* Main.storyboard */,
				DAA9BE4625F9DA4500CA0B7E /* Assets.xcassets */,
				DAA9BE4825F9DA4500CA0B7E /* LaunchScreen.storyboard */,
				DAA9BE4B25F9DA4500CA0B7E /* Info.plist */,
				DAA9BE7025F9DA7000CA0B7E /* Person.swift */,
			);
			path = MVCPattern;
			sourceTree = "<group>";
		};
		DAA9BE5325F9DA4500CA0B7E /* MVCPatternTests */ = {
			isa = PBXGroup;
			children = (
				DAA9BE5425F9DA4500CA0B7E /* MVCPatternTests.swift */,
				DAA9BE5625F9DA4500CA0B7E /* Info.plist */,
			);
			path = MVCPatternTests;
			sourceTree = "<group>";
		};
		DAA9BE5E25F9DA4500CA0B7E /* MVCPatternUITests */ = {
			isa = PBXGroup;
			children = (
				DAA9BE5F25F9DA4500CA0B7E /* MVCPatternUITests.swift */,
				DAA9BE6125F9DA4500CA0B7E /* Info.plist */,
			);
			path = MVCPatternUITests;
			sourceTree = "<group>";
		};
/* End PBXGroup section */

/* Begin PBXNativeTarget section */
		DAA9BE3925F9DA4400CA0B7E /* MVCPattern */ = {
			isa = PBXNativeTarget;
			buildConfigurationList = DAA9BE6425F9DA4500CA0B7E /* Build configuration list for PBXNativeTarget "MVCPattern" */;
			buildPhases = (
				DAA9BE3625F9DA4400CA0B7E /* Sources */,
				DAA9BE3725F9DA4400CA0B7E /* Frameworks */,
				DAA9BE3825F9DA4400CA0B7E /* Resources */,
			);
			buildRules = (
			);
			dependencies = (
			);
			name = MVCPattern;
			productName = MVCPattern;
			productReference = DAA9BE3A25F9DA4400CA0B7E /* MVCPattern.app */;
			productType = "com.apple.product-type.application";
		};
		DAA9BE4F25F9DA4500CA0B7E /* MVCPatternTests */ = {
			isa = PBXNativeTarget;
			buildConfigurationList = DAA9BE6725F9DA4500CA0B7E /* Build configuration list for PBXNativeTarget "MVCPatternTests" */;
			buildPhases = (
				DAA9BE4C25F9DA4500CA0B7E /* Sources */,
				DAA9BE4D25F9DA4500CA0B7E /* Frameworks */,
				DAA9BE4E25F9DA4500CA0B7E /* Resources */,
			);
			buildRules = (
			);
			dependencies = (
				DAA9BE5225F9DA4500CA0B7E /* PBXTargetDependency */,
			);
			name = MVCPatternTests;
			productName = MVCPatternTests;
			productReference = DAA9BE5025F9DA4500CA0B7E /* MVCPatternTests.xctest */;
			productType = "com.apple.product-type.bundle.unit-test";
		};
		DAA9BE5A25F9DA4500CA0B7E /* MVCPatternUITests */ = {
			isa = PBXNativeTarget;
			buildConfigurationList = DAA9BE6A25F9DA4500CA0B7E /* Build configuration list for PBXNativeTarget "MVCPatternUITests" */;
			buildPhases = (
				DAA9BE5725F9DA4500CA0B7E /* Sources */,
				DAA9BE5825F9DA4500CA0B7E /* Frameworks */,
				DAA9BE5925F9DA4500CA0B7E /* Resources */,
			);
			buildRules = (
			);
			dependencies = (
				DAA9BE5D25F9DA4500CA0B7E /* PBXTargetDependency */,
			);
			name = MVCPatternUITests;
			productName = MVCPatternUITests;
			productReference = DAA9BE5B25F9DA4500CA0B7E /* MVCPatternUITests.xctest */;
			productType = "com.apple.product-type.bundle.ui-testing";
		};
/* End PBXNativeTarget section */

/* Begin PBXProject section */
		DAA9BE3225F9DA4400CA0B7E /* Project object */ = {
			isa = PBXProject;
			attributes = {
				LastSwiftUpdateCheck = 1220;
				LastUpgradeCheck = 1220;
				TargetAttributes = {
					DAA9BE3925F9DA4400CA0B7E = {
						CreatedOnToolsVersion = 12.2;
					};
					DAA9BE4F25F9DA4500CA0B7E = {
						CreatedOnToolsVersion = 12.2;
						TestTargetID = DAA9BE3925F9DA4400CA0B7E;
					};
					DAA9BE5A25F9DA4500CA0B7E = {
						CreatedOnToolsVersion = 12.2;
						TestTargetID = DAA9BE3925F9DA4400CA0B7E;
					};
				};
			};
			buildConfigurationList = DAA9BE3525F9DA4400CA0B7E /* Build configuration list for PBXProject "MVCPattern" */;
			compatibilityVersion = "Xcode 9.3";
			developmentRegion = en;
			hasScannedForEncodings = 0;
			knownRegions = (
				en,
				Base,
			);
			mainGroup = DAA9BE3125F9DA4400CA0B7E;
			productRefGroup = DAA9BE3B25F9DA4400CA0B7E /* Products */;
			projectDirPath = "";
			projectRoot = "";
			targets = (
				DAA9BE3925F9DA4400CA0B7E /* MVCPattern */,
				DAA9BE4F25F9DA4500CA0B7E /* MVCPatternTests */,
				DAA9BE5A25F9DA4500CA0B7E /* MVCPatternUITests */,
			);
		};
/* End PBXProject section */

/* Begin PBXResourcesBuildPhase section */
		DAA9BE3825F9DA4400CA0B7E /* Resources */ = {
			isa = PBXResourcesBuildPhase;
			buildActionMask = 2147483647;
			files = (
				DAA9BE4A25F9DA4500CA0B7E /* LaunchScreen.storyboard in Resources */,
				DAA9BE4725F9DA4500CA0B7E /* Assets.xcassets in Resources */,
				DAA9BE4525F9DA4400CA0B7E /* Main.storyboard in Resources */,
			);
			runOnlyForDeploymentPostprocessing = 0;
		};
		DAA9BE4E25F9DA4500CA0B7E /* Resources */ = {
			isa = PBXResourcesBuildPhase;
			buildActionMask = 2147483647;
			files = (
			);
			runOnlyForDeploymentPostprocessing = 0;
		};
		DAA9BE5925F9DA4500CA0B7E /* Resources */ = {
			isa = PBXResourcesBuildPhase;
			buildActionMask = 2147483647;
			files = (
			);
			runOnlyForDeploymentPostprocessing = 0;
		};
/* End PBXResourcesBuildPhase section */

/* Begin PBXSourcesBuildPhase section */
		DAA9BE3625F9DA4400CA0B7E /* Sources */ = {
			isa = PBXSourcesBuildPhase;
			buildActionMask = 2147483647;
			files = (
				DAA9BE4225F9DA4400CA0B7E /* ViewController.swift in Sources */,
				DAA9BE3E25F9DA4400CA0B7E /* AppDelegate.swift in Sources */,
				DAA9BE7125F9DA7000CA0B7E /* Person.swift in Sources */,
				DAA9BE4025F9DA4400CA0B7E /* SceneDelegate.swift in Sources */,
			);
			runOnlyForDeploymentPostprocessing = 0;
		};
		DAA9BE4C25F9DA4500CA0B7E /* Sources */ = {
			isa = PBXSourcesBuildPhase;
			buildActionMask = 2147483647;
			files = (
				DAA9BE5525F9DA4500CA0B7E /* MVCPatternTests.swift in Sources */,
			);
			runOnlyForDeploymentPostprocessing = 0;
		};
		DAA9BE5725F9DA4500CA0B7E /* Sources */ = {
			isa = PBXSourcesBuildPhase;
			buildActionMask = 2147483647;
			files = (
				DAA9BE6025F9DA4500CA0B7E /* MVCPatternUITests.swift in Sources */,
			);
			runOnlyForDeploymentPostprocessing = 0;
		};
/* End PBXSourcesBuildPhase section */

/* Begin PBXTargetDependency section */
		DAA9BE5225F9DA4500CA0B7E /* PBXTargetDependency */ = {
			isa = PBXTargetDependency;
			target = DAA9BE3925F9DA4400CA0B7E /* MVCPattern */;
			targetProxy = DAA9BE5125F9DA4500CA0B7E /* PBXContainerItemProxy */;
		};
		DAA9BE5D25F9DA4500CA0B7E /* PBXTargetDependency */ = {
			isa = PBXTargetDependency;
			target = DAA9BE3925F9DA4400CA0B7E /* MVCPattern */;
			targetProxy = DAA9BE5C25F9DA4500CA0B7E /* PBXContainerItemProxy */;
		};
/* End PBXTargetDependency section */

/* Begin PBXVariantGroup section */
		DAA9BE4325F9DA4400CA0B7E /* Main.storyboard */ = {
			isa = PBXVariantGroup;
			children = (
				DAA9BE4425F9DA4400CA0B7E /* Base */,
			);
			name = Main.storyboard;
			sourceTree = "<group>";
		};
		DAA9BE4825F9DA4500CA0B7E /* LaunchScreen.storyboard */ = {
			isa = PBXVariantGroup;
			children = (
				DAA9BE4925F9DA4500CA0B7E /* Base */,
			);
			name = LaunchScreen.storyboard;
			sourceTree = "<group>";
		};
/* End PBXVariantGroup section */

/* Begin XCBuildConfiguration section */
		DAA9BE6225F9DA4500CA0B7E /* Debug */ = {
			isa = XCBuildConfiguration;
			buildSettings = {
				ALWAYS_SEARCH_USER_PATHS = NO;
				CLANG_ANALYZER_NONNULL = YES;
				CLANG_ANALYZER_NUMBER_OBJECT_CONVERSION = YES_AGGRESSIVE;
				CLANG_CXX_LANGUAGE_STANDARD = "gnu++14";
				CLANG_CXX_LIBRARY = "libc++";
				CLANG_ENABLE_MODULES = YES;
				CLANG_ENABLE_OBJC_ARC = YES;
				CLANG_ENABLE_OBJC_WEAK = YES;
				CLANG_WARN_BLOCK_CAPTURE_AUTORELEASING = YES;
				CLANG_WARN_BOOL_CONVERSION = YES;
				CLANG_WARN_COMMA = YES;
				CLANG_WARN_CONSTANT_CONVERSION = YES;
				CLANG_WARN_DEPRECATED_OBJC_IMPLEMENTATIONS = YES;
				CLANG_WARN_DIRECT_OBJC_ISA_USAGE = YES_ERROR;
				CLANG_WARN_DOCUMENTATION_COMMENTS = YES;
				CLANG_WARN_EMPTY_BODY = YES;
				CLANG_WARN_ENUM_CONVERSION = YES;
				CLANG_WARN_INFINITE_RECURSION = YES;
				CLANG_WARN_INT_CONVERSION = YES;
				CLANG_WARN_NON_LITERAL_NULL_CONVERSION = YES;
				CLANG_WARN_OBJC_IMPLICIT_RETAIN_SELF = YES;
				CLANG_WARN_OBJC_LITERAL_CONVERSION = YES;
				CLANG_WARN_OBJC_ROOT_CLASS = YES_ERROR;
				CLANG_WARN_QUOTED_INCLUDE_IN_FRAMEWORK_HEADER = YES;
				CLANG_WARN_RANGE_LOOP_ANALYSIS = YES;
				CLANG_WARN_STRICT_PROTOTYPES = YES;
				CLANG_WARN_SUSPICIOUS_MOVE = YES;
				CLANG_WARN_UNGUARDED_AVAILABILITY = YES_AGGRESSIVE;
				CLANG_WARN_UNREACHABLE_CODE = YES;
				CLANG_WARN__DUPLICATE_METHOD_MATCH = YES;
				COPY_PHASE_STRIP = NO;
				DEBUG_INFORMATION_FORMAT = dwarf;
				ENABLE_STRICT_OBJC_MSGSEND = YES;
				ENABLE_TESTABILITY = YES;
				GCC_C_LANGUAGE_STANDARD = gnu11;
				GCC_DYNAMIC_NO_PIC = NO;
				GCC_NO_COMMON_BLOCKS = YES;
				GCC_OPTIMIZATION_LEVEL = 0;
				GCC_PREPROCESSOR_DEFINITIONS = (
					"DEBUG=1",
					"$(inherited)",
				);
				GCC_WARN_64_TO_32_BIT_CONVERSION = YES;
				GCC_WARN_ABOUT_RETURN_TYPE = YES_ERROR;
				GCC_WARN_UNDECLARED_SELECTOR = YES;
				GCC_WARN_UNINITIALIZED_AUTOS = YES_AGGRESSIVE;
				GCC_WARN_UNUSED_FUNCTION = YES;
				GCC_WARN_UNUSED_VARIABLE = YES;
				IPHONEOS_DEPLOYMENT_TARGET = 14.2;
				MTL_ENABLE_DEBUG_INFO = INCLUDE_SOURCE;
				MTL_FAST_MATH = YES;
				ONLY_ACTIVE_ARCH = YES;
				SDKROOT = iphoneos;
				SWIFT_ACTIVE_COMPILATION_CONDITIONS = DEBUG;
				SWIFT_OPTIMIZATION_LEVEL = "-Onone";
			};
			name = Debug;
		};
		DAA9BE6325F9DA4500CA0B7E /* Release */ = {
			isa = XCBuildConfiguration;
			buildSettings = {
				ALWAYS_SEARCH_USER_PATHS = NO;
				CLANG_ANALYZER_NONNULL = YES;
				CLANG_ANALYZER_NUMBER_OBJECT_CONVERSION = YES_AGGRESSIVE;
				CLANG_CXX_LANGUAGE_STANDARD = "gnu++14";
				CLANG_CXX_LIBRARY = "libc++";
				CLANG_ENABLE_MODULES = YES;
				CLANG_ENABLE_OBJC_ARC = YES;
				CLANG_ENABLE_OBJC_WEAK = YES;
				CLANG_WARN_BLOCK_CAPTURE_AUTORELEASING = YES;
				CLANG_WARN_BOOL_CONVERSION = YES;
				CLANG_WARN_COMMA = YES;
				CLANG_WARN_CONSTANT_CONVERSION = YES;
				CLANG_WARN_DEPRECATED_OBJC_IMPLEMENTATIONS = YES;
				CLANG_WARN_DIRECT_OBJC_ISA_USAGE = YES_ERROR;
				CLANG_WARN_DOCUMENTATION_COMMENTS = YES;
				CLANG_WARN_EMPTY_BODY = YES;
				CLANG_WARN_ENUM_CONVERSION = YES;
				CLANG_WARN_INFINITE_RECURSION = YES;
				CLANG_WARN_INT_CONVERSION = YES;
				CLANG_WARN_NON_LITERAL_NULL_CONVERSION = YES;
				CLANG_WARN_OBJC_IMPLICIT_RETAIN_SELF = YES;
				CLANG_WARN_OBJC_LITERAL_CONVERSION = YES;
				CLANG_WARN_OBJC_ROOT_CLASS = YES_ERROR;
				CLANG_WARN_QUOTED_INCLUDE_IN_FRAMEWORK_HEADER = YES;
				CLANG_WARN_RANGE_LOOP_ANALYSIS = YES;
				CLANG_WARN_STRICT_PROTOTYPES = YES;
				CLANG_WARN_SUSPICIOUS_MOVE = YES;
				CLANG_WARN_UNGUARDED_AVAILABILITY = YES_AGGRESSIVE;
				CLANG_WARN_UNREACHABLE_CODE = YES;
				CLANG_WARN__DUPLICATE_METHOD_MATCH = YES;
				COPY_PHASE_STRIP = NO;
				DEBUG_INFORMATION_FORMAT = "dwarf-with-dsym";
				ENABLE_NS_ASSERTIONS = NO;
				ENABLE_STRICT_OBJC_MSGSEND = YES;
				GCC_C_LANGUAGE_STANDARD = gnu11;
				GCC_NO_COMMON_BLOCKS = YES;
				GCC_WARN_64_TO_32_BIT_CONVERSION = YES;
				GCC_WARN_ABOUT_RETURN_TYPE = YES_ERROR;
				GCC_WARN_UNDECLARED_SELECTOR = YES;
				GCC_WARN_UNINITIALIZED_AUTOS = YES_AGGRESSIVE;
				GCC_WARN_UNUSED_FUNCTION = YES;
				GCC_WARN_UNUSED_VARIABLE = YES;
				IPHONEOS_DEPLOYMENT_TARGET = 14.2;
				MTL_ENABLE_DEBUG_INFO = NO;
				MTL_FAST_MATH = YES;
				SDKROOT = iphoneos;
				SWIFT_COMPILATION_MODE = wholemodule;
				SWIFT_OPTIMIZATION_LEVEL = "-O";
				VALIDATE_PRODUCT = YES;
			};
			name = Release;
		};
		DAA9BE6525F9DA4500CA0B7E /* Debug */ = {
			isa = XCBuildConfiguration;
			buildSettings = {
				ASSETCATALOG_COMPILER_APPICON_NAME = AppIcon;
				ASSETCATALOG_COMPILER_GLOBAL_ACCENT_COLOR_NAME = AccentColor;
				CODE_SIGN_STYLE = Automatic;
				DEVELOPMENT_TEAM = L96BVXND6V;
				INFOPLIST_FILE = MVCPattern/Info.plist;
				LD_RUNPATH_SEARCH_PATHS = (
					"$(inherited)",
					"@executable_path/Frameworks",
				);
				PRODUCT_BUNDLE_IDENTIFIER = com.MVCPattern;
				PRODUCT_NAME = "$(TARGET_NAME)";
				SWIFT_VERSION = 5.0;
				TARGETED_DEVICE_FAMILY = "1,2";
			};
			name = Debug;
		};
		DAA9BE6625F9DA4500CA0B7E /* Release */ = {
			isa = XCBuildConfiguration;
			buildSettings = {
				ASSETCATALOG_COMPILER_APPICON_NAME = AppIcon;
				ASSETCATALOG_COMPILER_GLOBAL_ACCENT_COLOR_NAME = AccentColor;
				CODE_SIGN_STYLE = Automatic;
				DEVELOPMENT_TEAM = L96BVXND6V;
				INFOPLIST_FILE = MVCPattern/Info.plist;
				LD_RUNPATH_SEARCH_PATHS = (
					"$(inherited)",
					"@executable_path/Frameworks",
				);
				PRODUCT_BUNDLE_IDENTIFIER = com.MVCPattern;
				PRODUCT_NAME = "$(TARGET_NAME)";
				SWIFT_VERSION = 5.0;
				TARGETED_DEVICE_FAMILY = "1,2";
			};
			name = Release;
		};
		DAA9BE6825F9DA4500CA0B7E /* Debug */ = {
			isa = XCBuildConfiguration;
			buildSettings = {
				ALWAYS_EMBED_SWIFT_STANDARD_LIBRARIES = YES;
				BUNDLE_LOADER = "$(TEST_HOST)";
				CODE_SIGN_STYLE = Automatic;
				DEVELOPMENT_TEAM = L96BVXND6V;
				INFOPLIST_FILE = MVCPatternTests/Info.plist;
				IPHONEOS_DEPLOYMENT_TARGET = 14.2;
				LD_RUNPATH_SEARCH_PATHS = (
					"$(inherited)",
					"@executable_path/Frameworks",
					"@loader_path/Frameworks",
				);
				PRODUCT_BUNDLE_IDENTIFIER = com.MVCPatternTests;
				PRODUCT_NAME = "$(TARGET_NAME)";
				SWIFT_VERSION = 5.0;
				TARGETED_DEVICE_FAMILY = "1,2";
				TEST_HOST = "$(BUILT_PRODUCTS_DIR)/MVCPattern.app/MVCPattern";
			};
			name = Debug;
		};
		DAA9BE6925F9DA4500CA0B7E /* Release */ = {
			isa = XCBuildConfiguration;
			buildSettings = {
				ALWAYS_EMBED_SWIFT_STANDARD_LIBRARIES = YES;
				BUNDLE_LOADER = "$(TEST_HOST)";
				CODE_SIGN_STYLE = Automatic;
				DEVELOPMENT_TEAM = L96BVXND6V;
				INFOPLIST_FILE = MVCPatternTests/Info.plist;
				IPHONEOS_DEPLOYMENT_TARGET = 14.2;
				LD_RUNPATH_SEARCH_PATHS = (
					"$(inherited)",
					"@executable_path/Frameworks",
					"@loader_path/Frameworks",
				);
				PRODUCT_BUNDLE_IDENTIFIER = com.MVCPatternTests;
				PRODUCT_NAME = "$(TARGET_NAME)";
				SWIFT_VERSION = 5.0;
				TARGETED_DEVICE_FAMILY = "1,2";
				TEST_HOST = "$(BUILT_PRODUCTS_DIR)/MVCPattern.app/MVCPattern";
			};
			name = Release;
		};
		DAA9BE6B25F9DA4500CA0B7E /* Debug */ = {
			isa = XCBuildConfiguration;
			buildSettings = {
				ALWAYS_EMBED_SWIFT_STANDARD_LIBRARIES = YES;
				CODE_SIGN_STYLE = Automatic;
				DEVELOPMENT_TEAM = L96BVXND6V;
				INFOPLIST_FILE = MVCPatternUITests/Info.plist;
				LD_RUNPATH_SEARCH_PATHS = (
					"$(inherited)",
					"@executable_path/Frameworks",
					"@loader_path/Frameworks",
				);
				PRODUCT_BUNDLE_IDENTIFIER = com.MVCPatternUITests;
				PRODUCT_NAME = "$(TARGET_NAME)";
				SWIFT_VERSION = 5.0;
				TARGETED_DEVICE_FAMILY = "1,2";
				TEST_TARGET_NAME = MVCPattern;
			};
			name = Debug;
		};
		DAA9BE6C25F9DA4500CA0B7E /* Release */ = {
			isa = XCBuildConfiguration;
			buildSettings = {
				ALWAYS_EMBED_SWIFT_STANDARD_LIBRARIES = YES;
				CODE_SIGN_STYLE = Automatic;
				DEVELOPMENT_TEAM = L96BVXND6V;
				INFOPLIST_FILE = MVCPatternUITests/Info.plist;
				LD_RUNPATH_SEARCH_PATHS = (
					"$(inherited)",
					"@executable_path/Frameworks",
					"@loader_path/Frameworks",
				);
				PRODUCT_BUNDLE_IDENTIFIER = com.MVCPatternUITests;
				PRODUCT_NAME = "$(TARGET_NAME)";
				SWIFT_VERSION = 5.0;
				TARGETED_DEVICE_FAMILY = "1,2";
				TEST_TARGET_NAME = MVCPattern;
			};
			name = Release;
		};
/* End XCBuildConfiguration section */

/* Begin XCConfigurationList section */
		DAA9BE3525F9DA4400CA0B7E /* Build configuration list for PBXProject "MVCPattern" */ = {
			isa = XCConfigurationList;
			buildConfigurations = (
				DAA9BE6225F9DA4500CA0B7E /* Debug */,
				DAA9BE6325F9DA4500CA0B7E /* Release */,
			);
			defaultConfigurationIsVisible = 0;
			defaultConfigurationName = Release;
		};
		DAA9BE6425F9DA4500CA0B7E /* Build configuration list for PBXNativeTarget "MVCPattern" */ = {
			isa = XCConfigurationList;
			buildConfigurations = (
				DAA9BE6525F9DA4500CA0B7E /* Debug */,
				DAA9BE6625F9DA4500CA0B7E /* Release */,
			);
			defaultConfigurationIsVisible = 0;
			defaultConfigurationName = Release;
		};
		DAA9BE6725F9DA4500CA0B7E /* Build configuration list for PBXNativeTarget "MVCPatternTests" */ = {
			isa = XCConfigurationList;
			buildConfigurations = (
				DAA9BE6825F9DA4500CA0B7E /* Debug */,
				DAA9BE6925F9DA4500CA0B7E /* Release */,
			);
			defaultConfigurationIsVisible = 0;
			defaultConfigurationName = Release;
		};
		DAA9BE6A25F9DA4500CA0B7E /* Build configuration list for PBXNativeTarget "MVCPatternUITests" */ = {
			isa = XCConfigurationList;
			buildConfigurations = (
				DAA9BE6B25F9DA4500CA0B7E /* Debug */,
				DAA9BE6C25F9DA4500CA0B7E /* Release */,
			);
			defaultConfigurationIsVisible = 0;
			defaultConfigurationName = Release;
		};
/* End XCConfigurationList section */
	};
	rootObject = DAA9BE3225F9DA4400CA0B7E /* Project object */;
}
